
Microsoft Visual Studio Solution File, Format Version 12.00
# Visual Studio Version 16
VisualStudioVersion = 16.0.30611.23
MinimumVisualStudioVersion = 10.0.40219.1
Project("{9A19103F-16F7-4668-BE54-9A1E7A4F7556}") = "BlazorCRUDSignalR.Server", "Server\BlazorCRUDSignalR.Server.csproj", "{27E1624D-930D-45E6-98E1-5F21FD69DCA2}"
EndProject
Project("{9A19103F-16F7-4668-BE54-9A1E7A4F7556}") = "BlazorCRUDSignalR.Client", "Client\BlazorCRUDSignalR.Client.csproj", "{DE12DFFE-A72B-4789-9298-11487E834071}"
EndProject
Project("{9A19103F-16F7-4668-BE54-9A1E7A4F7556}") = "BlazorCRUDSignalR.Shared", "Shared\BlazorCRUDSignalR.Shared.csproj", "{D88930DB-7A84-499C-88DF-85A1D9473C11}"
EndProject
Global
	GlobalSection(SolutionConfigurationPlatforms) = preSolution
		Debug|Any CPU = Debug|Any CPU
		Release|Any CPU = Release|Any CPU
	EndGlobalSection
	GlobalSection(ProjectConfigurationPlatforms) = postSolution
		{27E1624D-930D-45E6-98E1-5F21FD69DCA2}.Debug|Any CPU.ActiveCfg = Debug|Any CPU
		{27E1624D-930D-45E6-98E1-5F21FD69DCA2}.Debug|Any CPU.Build.0 = Debug|Any CPU
		{27E1624D-930D-45E6-98E1-5F21FD69DCA2}.Release|Any CPU.ActiveCfg = Release|Any CPU
		{27E1624D-930D-45E6-98E1-5F21FD69DCA2}.Release|Any CPU.Build.0 = Release|Any CPU
		{DE12DFFE-A72B-4789-9298-11487E834071}.Debug|Any CPU.ActiveCfg = Debug|Any CPU
		{DE12DFFE-A72B-4789-9298-11487E834071}.Debug|Any CPU.Build.0 = Debug|Any CPU
		{DE12DFFE-A72B-4789-9298-11487E834071}.Release|Any CPU.ActiveCfg = Release|Any CPU
		{DE12DFFE-A72B-4789-9298-11487E834071}.Release|Any CPU.Build.0 = Release|Any CPU
		{D88930DB-7A84-499C-88DF-85A1D9473C11}.Debug|Any CPU.ActiveCfg = Debug|Any CPU
		{D88930DB-7A84-499C-88DF-85A1D9473C11}.Debug|Any CPU.Build.0 = Debug|Any CPU
		{D88930DB-7A84-499C-88DF-85A1D9473C11}.Release|Any CPU.ActiveCfg = Release|Any CPU
		{D88930DB-7A84-499C-88DF-85A1D9473C11}.Release|Any CPU.Build.0 = Release|Any CPU
	EndGlobalSection
	GlobalSection(SolutionProperties) = preSolution
		HideSolutionNode = FALSE
	EndGlobalSection
	GlobalSection(ExtensibilityGlobals) = postSolution
		SolutionGuid = {7FA7F092-5FDB-45B1-96B3-2AEC5C7A7643}
	EndGlobalSection
EndGlobal
